
Microsoft Visual Studio Solution File, Format Version 12.00
# Visual Studio 15
VisualStudioVersion = 15.0.26124.0
MinimumVisualStudioVersion = 15.0.26124.0
Project("{2150E333-8FDC-42A3-9474-1A3956D46DE8}") = "src", "src", "{A9E785FA-1245-4535-8605-6505F33F2333}"
EndProject
Project("{FAE04EC0-301F-11D3-BF4B-00C04F79EFBC}") = "app", "src\app\app.csproj", "{4292079B-D483-4346-9028-D49694431780}"
EndProject
Project("{FAE04EC0-301F-11D3-BF4B-00C04F79EFBC}") = "log-server", "src\log-server\log-server.csproj", "{FF88AAD4-59B9-4A57-91AD-2518B4BE3023}"
EndProject
Project("{2150E333-8FDC-42A3-9474-1A3956D46DE8}") = "test", "test", "{146C8ACD-AEA0-4FEB-919F-C7A752A517E9}"
EndProject
Project("{FAE04EC0-301F-11D3-BF4B-00C04F79EFBC}") = "log-server.test", "test\log-server.test\log-server.test.csproj", "{8D687751-C233-4EA9-8D99-1B4D19BF66CA}"
EndProject
Global
	GlobalSection(SolutionConfigurationPlatforms) = preSolution
		Debug|Any CPU = Debug|Any CPU
		Debug|x64 = Debug|x64
		Debug|x86 = Debug|x86
		Release|Any CPU = Release|Any CPU
		Release|x64 = Release|x64
		Release|x86 = Release|x86
	EndGlobalSection
	GlobalSection(SolutionProperties) = preSolution
		HideSolutionNode = FALSE
	EndGlobalSection
	GlobalSection(ProjectConfigurationPlatforms) = postSolution
		{4292079B-D483-4346-9028-D49694431780}.Debug|Any CPU.ActiveCfg = Debug|Any CPU
		{4292079B-D483-4346-9028-D49694431780}.Debug|Any CPU.Build.0 = Debug|Any CPU
		{4292079B-D483-4346-9028-D49694431780}.Debug|x64.ActiveCfg = Debug|Any CPU
		{4292079B-D483-4346-9028-D49694431780}.Debug|x64.Build.0 = Debug|Any CPU
		{4292079B-D483-4346-9028-D49694431780}.Debug|x86.ActiveCfg = Debug|Any CPU
		{4292079B-D483-4346-9028-D49694431780}.Debug|x86.Build.0 = Debug|Any CPU
		{4292079B-D483-4346-9028-D49694431780}.Release|Any CPU.ActiveCfg = Release|Any CPU
		{4292079B-D483-4346-9028-D49694431780}.Release|Any CPU.Build.0 = Release|Any CPU
		{4292079B-D483-4346-9028-D49694431780}.Release|x64.ActiveCfg = Release|Any CPU
		{4292079B-D483-4346-9028-D49694431780}.Release|x64.Build.0 = Release|Any CPU
		{4292079B-D483-4346-9028-D49694431780}.Release|x86.ActiveCfg = Release|Any CPU
		{4292079B-D483-4346-9028-D49694431780}.Release|x86.Build.0 = Release|Any CPU
		{FF88AAD4-59B9-4A57-91AD-2518B4BE3023}.Debug|Any CPU.ActiveCfg = Debug|Any CPU
		{FF88AAD4-59B9-4A57-91AD-2518B4BE3023}.Debug|Any CPU.Build.0 = Debug|Any CPU
		{FF88AAD4-59B9-4A57-91AD-2518B4BE3023}.Debug|x64.ActiveCfg = Debug|Any CPU
		{FF88AAD4-59B9-4A57-91AD-2518B4BE3023}.Debug|x64.Build.0 = Debug|Any CPU
		{FF88AAD4-59B9-4A57-91AD-2518B4BE3023}.Debug|x86.ActiveCfg = Debug|Any CPU
		{FF88AAD4-59B9-4A57-91AD-2518B4BE3023}.Debug|x86.Build.0 = Debug|Any CPU
		{FF88AAD4-59B9-4A57-91AD-2518B4BE3023}.Release|Any CPU.ActiveCfg = Release|Any CPU
		{FF88AAD4-59B9-4A57-91AD-2518B4BE3023}.Release|Any CPU.Build.0 = Release|Any CPU
		{FF88AAD4-59B9-4A57-91AD-2518B4BE3023}.Release|x64.ActiveCfg = Release|Any CPU
		{FF88AAD4-59B9-4A57-91AD-2518B4BE3023}.Release|x64.Build.0 = Release|Any CPU
		{FF88AAD4-59B9-4A57-91AD-2518B4BE3023}.Release|x86.ActiveCfg = Release|Any CPU
		{FF88AAD4-59B9-4A57-91AD-2518B4BE3023}.Release|x86.Build.0 = Release|Any CPU
		{8D687751-C233-4EA9-8D99-1B4D19BF66CA}.Debug|Any CPU.ActiveCfg = Debug|Any CPU
		{8D687751-C233-4EA9-8D99-1B4D19BF66CA}.Debug|Any CPU.Build.0 = Debug|Any CPU
		{8D687751-C233-4EA9-8D99-1B4D19BF66CA}.Debug|x64.ActiveCfg = Debug|Any CPU
		{8D687751-C233-4EA9-8D99-1B4D19BF66CA}.Debug|x64.Build.0 = Debug|Any CPU
		{8D687751-C233-4EA9-8D99-1B4D19BF66CA}.Debug|x86.ActiveCfg = Debug|Any CPU
		{8D687751-C233-4EA9-8D99-1B4D19BF66CA}.Debug|x86.Build.0 = Debug|Any CPU
		{8D687751-C233-4EA9-8D99-1B4D19BF66CA}.Release|Any CPU.ActiveCfg = Release|Any CPU
		{8D687751-C233-4EA9-8D99-1B4D19BF66CA}.Release|Any CPU.Build.0 = Release|Any CPU
		{8D687751-C233-4EA9-8D99-1B4D19BF66CA}.Release|x64.ActiveCfg = Release|Any CPU
		{8D687751-C233-4EA9-8D99-1B4D19BF66CA}.Release|x64.Build.0 = Release|Any CPU
		{8D687751-C233-4EA9-8D99-1B4D19BF66CA}.Release|x86.ActiveCfg = Release|Any CPU
		{8D687751-C233-4EA9-8D99-1B4D19BF66CA}.Release|x86.Build.0 = Release|Any CPU
	EndGlobalSection
	GlobalSection(NestedProjects) = preSolution
		{4292079B-D483-4346-9028-D49694431780} = {A9E785FA-1245-4535-8605-6505F33F2333}
		{FF88AAD4-59B9-4A57-91AD-2518B4BE3023} = {A9E785FA-1245-4535-8605-6505F33F2333}
		{8D687751-C233-4EA9-8D99-1B4D19BF66CA} = {146C8ACD-AEA0-4FEB-919F-C7A752A517E9}
	EndGlobalSection
EndGlobal
